{
  "name": "ji-consultation",
  "version": "0.1.0",
  "lockfileVersion": 3,
  "requires": true,
  "packages": {
    "": {
      "name": "ji-consultation",
      "version": "0.1.0",
      "devDependencies": {
        "@21st-dev/cli": "^1.17.1"
      },
      "engines": {
        "node": ">=18"
      }
    },
    "node_modules/@21st-dev/cli": {
      "version": "1.17.1",
      "resolved": "https://registry.npmjs.org/@21st-dev/cli/-/cli-1.17.1.tgz",
      "integrity": "sha512-Wx/sXQZ37pm0VAS+ll1ZkNtbn+dqy/KJbtDHjwvsdejvMaP7GNjliIrvHKDWfxBTN030Uonuzt3aDIq+aLsGdQ==",
      "dev": true,
      "license": "MIT",
      "bin": {
        "21st": "dist/index.js"
      },
      "engines": {
        "node": ">=18"
      }
    }
  }
}
